
Microsoft Visual Studio Solution File, Format Version 12.00
# Visual Studio Version 17
VisualStudioVersion = 17.14.36623.8 d17.14
MinimumVisualStudioVersion = 10.0.40219.1
Project("{FAE04EC0-301F-11D3-BF4B-00C04F79EFBC}") = "Mini_Mart", "Mini_Mart.csproj", "{4130E27A-37B9-4911-99FA-BFA383A051B0}"
EndProject
Global
	GlobalSection(SolutionConfigurationPlatforms) = preSolution
		Debug|Any CPU = Debug|Any CPU
		Release|Any CPU = Release|Any CPU
	EndGlobalSection
	GlobalSection(ProjectConfigurationPlatforms) = postSolution
		{4130E27A-37B9-4911-99FA-BFA383A051B0}.Debug|Any CPU.ActiveCfg = Debug|Any CPU
		{4130E27A-37B9-4911-99FA-BFA383A051B0}.Debug|Any CPU.Build.0 = Debug|Any CPU
		{4130E27A-37B9-4911-99FA-BFA383A051B0}.Release|Any CPU.ActiveCfg = Release|Any CPU
		{4130E27A-37B9-4911-99FA-BFA383A051B0}.Release|Any CPU.Build.0 = Release|Any CPU
	EndGlobalSection
	GlobalSection(SolutionProperties) = preSolution
		HideSolutionNode = FALSE
	EndGlobalSection
	GlobalSection(ExtensibilityGlobals) = postSolution
		SolutionGuid = {2790533C-5068-4AE4-8906-03E392AB6620}
	EndGlobalSection
EndGlobal
